
Microsoft Visual Studio Solution File, Format Version 12.00
# Visual Studio 15
VisualStudioVersion = 15.0.27703.2035
MinimumVisualStudioVersion = 10.0.40219.1
Project("{9A19103F-16F7-4668-BE54-9A1E7A4F7556}") = "MVCApp", "MVCApp\MVCApp.csproj", "{E0AC600D-4664-435F-82A9-47568BA4A383}"
EndProject
Project("{9A19103F-16F7-4668-BE54-9A1E7A4F7556}") = "Analyzer", "Analyzer\Analyzer.csproj", "{E28342C0-D706-4EAB-B427-E9DEBAD56319}"
EndProject
Project("{FAE04EC0-301F-11D3-BF4B-00C04F79EFBC}") = "ExternalLib", "ExternalLib\ExternalLib.csproj", "{8F1F75C7-9D8A-4BAF-BDAF-077557826BA9}"
EndProject
Global
	GlobalSection(SolutionConfigurationPlatforms) = preSolution
		Debug|Any CPU = Debug|Any CPU
		Release|Any CPU = Release|Any CPU
	EndGlobalSection
	GlobalSection(ProjectConfigurationPlatforms) = postSolution
		{E0AC600D-4664-435F-82A9-47568BA4A383}.Debug|Any CPU.ActiveCfg = Debug|Any CPU
		{E0AC600D-4664-435F-82A9-47568BA4A383}.Debug|Any CPU.Build.0 = Debug|Any CPU
		{E0AC600D-4664-435F-82A9-47568BA4A383}.Release|Any CPU.ActiveCfg = Release|Any CPU
		{E0AC600D-4664-435F-82A9-47568BA4A383}.Release|Any CPU.Build.0 = Release|Any CPU
		{E28342C0-D706-4EAB-B427-E9DEBAD56319}.Debug|Any CPU.ActiveCfg = Debug|Any CPU
		{E28342C0-D706-4EAB-B427-E9DEBAD56319}.Debug|Any CPU.Build.0 = Debug|Any CPU
		{E28342C0-D706-4EAB-B427-E9DEBAD56319}.Release|Any CPU.ActiveCfg = Release|Any CPU
		{E28342C0-D706-4EAB-B427-E9DEBAD56319}.Release|Any CPU.Build.0 = Release|Any CPU
		{8F1F75C7-9D8A-4BAF-BDAF-077557826BA9}.Debug|Any CPU.ActiveCfg = Debug|Any CPU
		{8F1F75C7-9D8A-4BAF-BDAF-077557826BA9}.Debug|Any CPU.Build.0 = Debug|Any CPU
		{8F1F75C7-9D8A-4BAF-BDAF-077557826BA9}.Release|Any CPU.ActiveCfg = Release|Any CPU
		{8F1F75C7-9D8A-4BAF-BDAF-077557826BA9}.Release|Any CPU.Build.0 = Release|Any CPU
	EndGlobalSection
	GlobalSection(SolutionProperties) = preSolution
		HideSolutionNode = FALSE
	EndGlobalSection
	GlobalSection(ExtensibilityGlobals) = postSolution
		SolutionGuid = {7FC6674C-9ABB-4347-AD0D-38ED08F63552}
	EndGlobalSection
EndGlobal
